
Microsoft Visual Studio Solution File, Format Version 12.00
# Visual Studio Version 16
VisualStudioVersion = 16.0.33920.266
MinimumVisualStudioVersion = 10.0.40219.1
Project("{FAE04EC0-301F-11D3-BF4B-00C04F79EFBC}") = "ProjectProcessAutomationweb", "ProjectProcessAutomationweb\ProjectProcessAutomationweb.csproj", "{53DE1C55-A5C4-40BE-B8A4-D69A75E35086}"
EndProject
Project("{FAE04EC0-301F-11D3-BF4B-00C04F79EFBC}") = "PPA.DataAccess", "..\..\gitpro\ProjectProcessAutomation\Console\PPA.DataAccess\PPA.DataAccess.csproj", "{3AB7E218-ACBC-4A0D-BA9B-B42447D5717C}"
EndProject
Project("{FAE04EC0-301F-11D3-BF4B-00C04F79EFBC}") = "PPA.Models", "..\..\gitpro\ProjectProcessAutomation\Console\PPA.Models\PPA.Models.csproj", "{684279D7-731E-4CCC-8B8B-1E1EE074E29F}"
EndProject
Global
	GlobalSection(SolutionConfigurationPlatforms) = preSolution
		Debug|Any CPU = Debug|Any CPU
		Release|Any CPU = Release|Any CPU
	EndGlobalSection
	GlobalSection(ProjectConfigurationPlatforms) = postSolution
		{53DE1C55-A5C4-40BE-B8A4-D69A75E35086}.Debug|Any CPU.ActiveCfg = Debug|Any CPU
		{53DE1C55-A5C4-40BE-B8A4-D69A75E35086}.Debug|Any CPU.Build.0 = Debug|Any CPU
		{53DE1C55-A5C4-40BE-B8A4-D69A75E35086}.Release|Any CPU.ActiveCfg = Release|Any CPU
		{53DE1C55-A5C4-40BE-B8A4-D69A75E35086}.Release|Any CPU.Build.0 = Release|Any CPU
		{3AB7E218-ACBC-4A0D-BA9B-B42447D5717C}.Debug|Any CPU.ActiveCfg = Debug|Any CPU
		{3AB7E218-ACBC-4A0D-BA9B-B42447D5717C}.Debug|Any CPU.Build.0 = Debug|Any CPU
		{3AB7E218-ACBC-4A0D-BA9B-B42447D5717C}.Release|Any CPU.ActiveCfg = Release|Any CPU
		{3AB7E218-ACBC-4A0D-BA9B-B42447D5717C}.Release|Any CPU.Build.0 = Release|Any CPU
		{684279D7-731E-4CCC-8B8B-1E1EE074E29F}.Debug|Any CPU.ActiveCfg = Debug|Any CPU
		{684279D7-731E-4CCC-8B8B-1E1EE074E29F}.Debug|Any CPU.Build.0 = Debug|Any CPU
		{684279D7-731E-4CCC-8B8B-1E1EE074E29F}.Release|Any CPU.ActiveCfg = Release|Any CPU
		{684279D7-731E-4CCC-8B8B-1E1EE074E29F}.Release|Any CPU.Build.0 = Release|Any CPU
	EndGlobalSection
	GlobalSection(SolutionProperties) = preSolution
		HideSolutionNode = FALSE
	EndGlobalSection
	GlobalSection(ExtensibilityGlobals) = postSolution
		SolutionGuid = {06ADF904-3DEB-49A2-8680-78B22A98248B}
	EndGlobalSection
EndGlobal
